
Microsoft Visual Studio Solution File, Format Version 12.00
# Visual Studio Version 17
VisualStudioVersion = 17.9.34728.123
MinimumVisualStudioVersion = 10.0.40219.1
Project("{FAE04EC0-301F-11D3-BF4B-00C04F79EFBC}") = "17.10.24", "17.10.24.csproj", "{EFD252A1-A0DD-43C8-BAF1-8C3D0777B301}"
EndProject
Global
	GlobalSection(SolutionConfigurationPlatforms) = preSolution
		Debug|Any CPU = Debug|Any CPU
		Release|Any CPU = Release|Any CPU
	EndGlobalSection
	GlobalSection(ProjectConfigurationPlatforms) = postSolution
		{EFD252A1-A0DD-43C8-BAF1-8C3D0777B301}.Debug|Any CPU.ActiveCfg = Debug|Any CPU
		{EFD252A1-A0DD-43C8-BAF1-8C3D0777B301}.Debug|Any CPU.Build.0 = Debug|Any CPU
		{EFD252A1-A0DD-43C8-BAF1-8C3D0777B301}.Release|Any CPU.ActiveCfg = Release|Any CPU
		{EFD252A1-A0DD-43C8-BAF1-8C3D0777B301}.Release|Any CPU.Build.0 = Release|Any CPU
	EndGlobalSection
	GlobalSection(SolutionProperties) = preSolution
		HideSolutionNode = FALSE
	EndGlobalSection
	GlobalSection(ExtensibilityGlobals) = postSolution
		SolutionGuid = {AA63EB09-CFD5-4F82-A971-F4B999A1E4E5}
	EndGlobalSection
EndGlobal
